
Microsoft Visual Studio Solution File, Format Version 12.00
# Visual Studio Version 17
VisualStudioVersion = 17.0.31912.275
MinimumVisualStudioVersion = 10.0.40219.1
Project("{FAE04EC0-301F-11D3-BF4B-00C04F79EFBC}") = "FinalProJect", "FinalProJect\FinalProJect.csproj", "{D6672579-6A79-4CBF-BCAD-E6C9A8EAD507}"
EndProject
Global
	GlobalSection(SolutionConfigurationPlatforms) = preSolution
		Debug|Any CPU = Debug|Any CPU
		Release|Any CPU = Release|Any CPU
	EndGlobalSection
	GlobalSection(ProjectConfigurationPlatforms) = postSolution
		{D6672579-6A79-4CBF-BCAD-E6C9A8EAD507}.Debug|Any CPU.ActiveCfg = Debug|Any CPU
		{D6672579-6A79-4CBF-BCAD-E6C9A8EAD507}.Debug|Any CPU.Build.0 = Debug|Any CPU
		{D6672579-6A79-4CBF-BCAD-E6C9A8EAD507}.Release|Any CPU.ActiveCfg = Release|Any CPU
		{D6672579-6A79-4CBF-BCAD-E6C9A8EAD507}.Release|Any CPU.Build.0 = Release|Any CPU
	EndGlobalSection
	GlobalSection(SolutionProperties) = preSolution
		HideSolutionNode = FALSE
	EndGlobalSection
	GlobalSection(ExtensibilityGlobals) = postSolution
		SolutionGuid = {7A1143E7-E50D-41BC-B899-C171A0330656}
	EndGlobalSection
EndGlobal
